{
    "name": "yew-testing",
    "version": "0.1.0",
    "lockfileVersion": 3,
    "requires": true,
    "packages": {
        "": {
            "name": "yew-testing",
            "version": "0.1.0",
            "dependencies": {
                "d3-dag": "^1.1.0"
            }
        },
        "node_modules/d3-array": {
            "version": "3.2.4",
            "resolved": "https://registry.npmjs.org/d3-array/-/d3-array-3.2.4.tgz",
            "integrity": "sha512-tdQAmyA18i4J7wprpYq8ClcxZy3SC31QMeByyCFyRt7BVHdREQZ5lpzoe5mFEYZUWe+oq8HBvk9JjpibyEV4Jg==",
            "dependencies": {
                "internmap": "1 - 2"
            },
            "engines": {
                "node": ">=12"
            }
        },
        "node_modules/d3-dag": {
            "version": "1.1.0",
            "resolved": "https://registry.npmjs.org/d3-dag/-/d3-dag-1.1.0.tgz",
            "integrity": "sha512-N8IxsIHcUaIxLrV3cElTC47kVJGFiY3blqSuJubQhyhYBJs0syfFPTnRSj2Cq0LBxxi4mzJmcqCvHIv9sPdILQ==",
            "dependencies": {
                "d3-array": "^3.2.4",
                "javascript-lp-solver": "0.4.24",
                "quadprog": "^1.6.1",
                "stringify-object": "^5.0.0"
            }
        },
        "node_modules/get-own-enumerable-keys": {
            "version": "1.0.0",
            "resolved": "https://registry.npmjs.org/get-own-enumerable-keys/-/get-own-enumerable-keys-1.0.0.tgz",
            "integrity": "sha512-PKsK2FSrQCyxcGHsGrLDcK0lx+0Ke+6e8KFFozA9/fIQLhQzPaRvJFdcz7+Axg3jUH/Mq+NI4xa5u/UT2tQskA==",
            "engines": {
                "node": ">=14.16"
            },
            "funding": {
                "url": "https://github.com/sponsors/sindresorhus"
            }
        },
        "node_modules/internmap": {
            "version": "2.0.3",
            "resolved": "https://registry.npmjs.org/internmap/-/internmap-2.0.3.tgz",
            "integrity": "sha512-5Hh7Y1wQbvY5ooGgPbDaL5iYLAPzMTUrjMulskHLH6wnv/A+1q5rgEaiuqEjB+oxGXIVZs1FF+R/KPN3ZSQYYg==",
            "engines": {
                "node": ">=12"
            }
        },
        "node_modules/is-obj": {
            "version": "3.0.0",
            "resolved": "https://registry.npmjs.org/is-obj/-/is-obj-3.0.0.tgz",
            "integrity": "sha512-IlsXEHOjtKhpN8r/tRFj2nDyTmHvcfNeu/nrRIcXE17ROeatXchkojffa1SpdqW4cr/Fj6QkEf/Gn4zf6KKvEQ==",
            "engines": {
                "node": ">=12"
            },
            "funding": {
                "url": "https://github.com/sponsors/sindresorhus"
            }
        },
        "node_modules/is-regexp": {
            "version": "3.1.0",
            "resolved": "https://registry.npmjs.org/is-regexp/-/is-regexp-3.1.0.tgz",
            "integrity": "sha512-rbku49cWloU5bSMI+zaRaXdQHXnthP6DZ/vLnfdSKyL4zUzuWnomtOEiZZOd+ioQ+avFo/qau3KPTc7Fjy1uPA==",
            "engines": {
                "node": ">=12"
            },
            "funding": {
                "url": "https://github.com/sponsors/sindresorhus"
            }
        },
        "node_modules/javascript-lp-solver": {
            "version": "0.4.24",
            "resolved": "https://registry.npmjs.org/javascript-lp-solver/-/javascript-lp-solver-0.4.24.tgz",
            "integrity": "sha512-5edoDKnMrt/u3M6GnZKDDIPxOyFOg+WrwDv8mjNiMC2DePhy2H9/FFQgf4ggywaXT1utvkxusJcjQUER72cZmA=="
        },
        "node_modules/quadprog": {
            "version": "1.6.1",
            "resolved": "https://registry.npmjs.org/quadprog/-/quadprog-1.6.1.tgz",
            "integrity": "sha512-fN5Jkcjlln/b3pJkseDKREf89JkKIyu6cKIVXisgL6ocKPQ0yTp9n6NZUAq3otEPPw78WZMG9K0o9WsfKyMWJw==",
            "engines": {
                "node": ">=8.x"
            }
        },
        "node_modules/stringify-object": {
            "version": "5.0.0",
            "resolved": "https://registry.npmjs.org/stringify-object/-/stringify-object-5.0.0.tgz",
            "integrity": "sha512-zaJYxz2FtcMb4f+g60KsRNFOpVMUyuJgA51Zi5Z1DOTC3S59+OQiVOzE9GZt0x72uBGWKsQIuBKeF9iusmKFsg==",
            "dependencies": {
                "get-own-enumerable-keys": "^1.0.0",
                "is-obj": "^3.0.0",
                "is-regexp": "^3.1.0"
            },
            "engines": {
                "node": ">=14.16"
            },
            "funding": {
                "url": "https://github.com/yeoman/stringify-object?sponsor=1"
            }
        }
    }
}
